
Microsoft Visual Studio Solution File, Format Version 12.00
# Visual Studio 14
VisualStudioVersion = 14.0.25420.1
MinimumVisualStudioVersion = 10.0.40219.1
Project("{FAE04EC0-301F-11D3-BF4B-00C04F79EFBC}") = "RowDataGateway", "RowDataGateway\RowDataGateway.csproj", "{C2FAAEA8-35D5-43E7-B6D4-8E8E2F111E79}"
EndProject
Project("{FAE04EC0-301F-11D3-BF4B-00C04F79EFBC}") = "TableDataGateway", "TableDataGateway\TableDataGateway.csproj", "{A017BAF0-E1B7-4DE6-A338-97418EC4BE8C}"
EndProject
Project("{FAE04EC0-301F-11D3-BF4B-00C04F79EFBC}") = "ActiveRecord", "ActiveRecord\ActiveRecord.csproj", "{E3EBB11C-A38D-488F-A6E2-DC4A5D33D462}"
EndProject
Project("{FAE04EC0-301F-11D3-BF4B-00C04F79EFBC}") = "Console", "Console\Console.csproj", "{69CBEC1F-E2BF-49C7-8CD3-418DE635467C}"
EndProject
Project("{FAE04EC0-301F-11D3-BF4B-00C04F79EFBC}") = "DataMapper", "DataMapper\DataMapper.csproj", "{61024C92-BA24-4089-87E7-31D12D5615CD}"
EndProject
Global
	GlobalSection(SolutionConfigurationPlatforms) = preSolution
		Debug|Any CPU = Debug|Any CPU
		Release|Any CPU = Release|Any CPU
	EndGlobalSection
	GlobalSection(ProjectConfigurationPlatforms) = postSolution
		{C2FAAEA8-35D5-43E7-B6D4-8E8E2F111E79}.Debug|Any CPU.ActiveCfg = Debug|Any CPU
		{C2FAAEA8-35D5-43E7-B6D4-8E8E2F111E79}.Debug|Any CPU.Build.0 = Debug|Any CPU
		{C2FAAEA8-35D5-43E7-B6D4-8E8E2F111E79}.Release|Any CPU.ActiveCfg = Release|Any CPU
		{C2FAAEA8-35D5-43E7-B6D4-8E8E2F111E79}.Release|Any CPU.Build.0 = Release|Any CPU
		{A017BAF0-E1B7-4DE6-A338-97418EC4BE8C}.Debug|Any CPU.ActiveCfg = Debug|Any CPU
		{A017BAF0-E1B7-4DE6-A338-97418EC4BE8C}.Debug|Any CPU.Build.0 = Debug|Any CPU
		{A017BAF0-E1B7-4DE6-A338-97418EC4BE8C}.Release|Any CPU.ActiveCfg = Release|Any CPU
		{A017BAF0-E1B7-4DE6-A338-97418EC4BE8C}.Release|Any CPU.Build.0 = Release|Any CPU
		{E3EBB11C-A38D-488F-A6E2-DC4A5D33D462}.Debug|Any CPU.ActiveCfg = Debug|Any CPU
		{E3EBB11C-A38D-488F-A6E2-DC4A5D33D462}.Debug|Any CPU.Build.0 = Debug|Any CPU
		{E3EBB11C-A38D-488F-A6E2-DC4A5D33D462}.Release|Any CPU.ActiveCfg = Release|Any CPU
		{E3EBB11C-A38D-488F-A6E2-DC4A5D33D462}.Release|Any CPU.Build.0 = Release|Any CPU
		{69CBEC1F-E2BF-49C7-8CD3-418DE635467C}.Debug|Any CPU.ActiveCfg = Debug|Any CPU
		{69CBEC1F-E2BF-49C7-8CD3-418DE635467C}.Debug|Any CPU.Build.0 = Debug|Any CPU
		{69CBEC1F-E2BF-49C7-8CD3-418DE635467C}.Release|Any CPU.ActiveCfg = Release|Any CPU
		{69CBEC1F-E2BF-49C7-8CD3-418DE635467C}.Release|Any CPU.Build.0 = Release|Any CPU
		{61024C92-BA24-4089-87E7-31D12D5615CD}.Debug|Any CPU.ActiveCfg = Debug|Any CPU
		{61024C92-BA24-4089-87E7-31D12D5615CD}.Debug|Any CPU.Build.0 = Debug|Any CPU
		{61024C92-BA24-4089-87E7-31D12D5615CD}.Release|Any CPU.ActiveCfg = Release|Any CPU
		{61024C92-BA24-4089-87E7-31D12D5615CD}.Release|Any CPU.Build.0 = Release|Any CPU
	EndGlobalSection
	GlobalSection(SolutionProperties) = preSolution
		HideSolutionNode = FALSE
	EndGlobalSection
EndGlobal
